// !$*UTF8*$!
{
	archiveVersion = 1;
	classes = {
	};
	objectVersion = 50;
	objects = {

/* Begin PBXBuildFile section */
		29515C9BD15959F90BA07C82 /* Pods_Flix.framework in Frameworks */ = {isa = PBXBuildFile; fileRef = 29C183F9BF36E5276D0A230B /* Pods_Flix.framework */; };
		313E8A2521F30A5600825DF7 /* AppDelegate.swift in Sources */ = {isa = PBXBuildFile; fileRef = 313E8A2421F30A5600825DF7 /* AppDelegate.swift */; };
		313E8A2A21F30A5600825DF7 /* Main.storyboard in Resources */ = {isa = PBXBuildFile; fileRef = 313E8A2821F30A5600825DF7 /* Main.storyboard */; };
		313E8A2C21F30A5700825DF7 /* Assets.xcassets in Resources */ = {isa = PBXBuildFile; fileRef = 313E8A2B21F30A5700825DF7 /* Assets.xcassets */; };
		313E8A2F21F30A5700825DF7 /* LaunchScreen.storyboard in Resources */ = {isa = PBXBuildFile; fileRef = 313E8A2D21F30A5700825DF7 /* LaunchScreen.storyboard */; };
		313E8A3A21F30A5700825DF7 /* FlixTests.swift in Sources */ = {isa = PBXBuildFile; fileRef = 313E8A3921F30A5700825DF7 /* FlixTests.swift */; };
		313E8A4521F30A5700825DF7 /* FlixUITests.swift in Sources */ = {isa = PBXBuildFile; fileRef = 313E8A4421F30A5700825DF7 /* FlixUITests.swift */; };
		313E8A5321F30A7A00825DF7 /* MovieViewController.swift in Sources */ = {isa = PBXBuildFile; fileRef = 313E8A5221F30A7A00825DF7 /* MovieViewController.swift */; };
		313E8A5521F3193B00825DF7 /* MovieCell.swift in Sources */ = {isa = PBXBuildFile; fileRef = 313E8A5421F3193B00825DF7 /* MovieCell.swift */; };
		A96BCC33489C30951B1AE6F2 /* Pods_FlixUITests.framework in Frameworks */ = {isa = PBXBuildFile; fileRef = 15EEF4577A3835B6A00BE1E4 /* Pods_FlixUITests.framework */; };
		DE2C037C082EBA162D0F3EC1 /* Pods_FlixTests.framework in Frameworks */ = {isa = PBXBuildFile; fileRef = E03EB95EA7C9274D3209B391 /* Pods_FlixTests.framework */; };
/* End PBXBuildFile section */

/* Begin PBXContainerItemProxy section */
		313E8A3621F30A5700825DF7 /* PBXContainerItemProxy */ = {
			isa = PBXContainerItemProxy;
			containerPortal = 313E8A1921F30A5600825DF7 /* Project object */;
			proxyType = 1;
			remoteGlobalIDString = 313E8A2021F30A5600825DF7;
			remoteInfo = Flix;
		};
		313E8A4121F30A5700825DF7 /* PBXContainerItemProxy */ = {
			isa = PBXContainerItemProxy;
			containerPortal = 313E8A1921F30A5600825DF7 /* Project object */;
			proxyType = 1;
			remoteGlobalIDString = 313E8A2021F30A5600825DF7;
			remoteInfo = Flix;
		};
/* End PBXContainerItemProxy section */

/* Begin PBXFileReference section */
		15EEF4577A3835B6A00BE1E4 /* Pods_FlixUITests.framework */ = {isa = PBXFileReference; explicitFileType = wrapper.framework; includeInIndex = 0; path = Pods_FlixUITests.framework; sourceTree = BUILT_PRODUCTS_DIR; };
		29C183F9BF36E5276D0A230B /* Pods_Flix.framework */ = {isa = PBXFileReference; explicitFileType = wrapper.framework; includeInIndex = 0; path = Pods_Flix.framework; sourceTree = BUILT_PRODUCTS_DIR; };
		313E8A2121F30A5600825DF7 /* Flix.app */ = {isa = PBXFileReference; explicitFileType = wrapper.application; includeInIndex = 0; path = Flix.app; sourceTree = BUILT_PRODUCTS_DIR; };
		313E8A2421F30A5600825DF7 /* AppDelegate.swift */ = {isa = PBXFileReference; lastKnownFileType = sourcecode.swift; path = AppDelegate.swift; sourceTree = "<group>"; };
		313E8A2921F30A5600825DF7 /* Base */ = {isa = PBXFileReference; lastKnownFileType = file.storyboard; name = Base; path = Base.lproj/Main.storyboard; sourceTree = "<group>"; };
		313E8A2B21F30A5700825DF7 /* Assets.xcassets */ = {isa = PBXFileReference; lastKnownFileType = folder.assetcatalog; path = Assets.xcassets; sourceTree = "<group>"; };
		313E8A2E21F30A5700825DF7 /* Base */ = {isa = PBXFileReference; lastKnownFileType = file.storyboard; name = Base; path = Base.lproj/LaunchScreen.storyboard; sourceTree = "<group>"; };
		313E8A3021F30A5700825DF7 /* Info.plist */ = {isa = PBXFileReference; lastKnownFileType = text.plist.xml; path = Info.plist; sourceTree = "<group>"; };
		313E8A3521F30A5700825DF7 /* FlixTests.xctest */ = {isa = PBXFileReference; explicitFileType = wrapper.cfbundle; includeInIndex = 0; path = FlixTests.xctest; sourceTree = BUILT_PRODUCTS_DIR; };
		313E8A3921F30A5700825DF7 /* FlixTests.swift */ = {isa = PBXFileReference; lastKnownFileType = sourcecode.swift; path = FlixTests.swift; sourceTree = "<group>"; };
		313E8A3B21F30A5700825DF7 /* Info.plist */ = {isa = PBXFileReference; lastKnownFileType = text.plist.xml; path = Info.plist; sourceTree = "<group>"; };
		313E8A4021F30A5700825DF7 /* FlixUITests.xctest */ = {isa = PBXFileReference; explicitFileType = wrapper.cfbundle; includeInIndex = 0; path = FlixUITests.xctest; sourceTree = BUILT_PRODUCTS_DIR; };
		313E8A4421F30A5700825DF7 /* FlixUITests.swift */ = {isa = PBXFileReference; lastKnownFileType = sourcecode.swift; path = FlixUITests.swift; sourceTree = "<group>"; };
		313E8A4621F30A5700825DF7 /* Info.plist */ = {isa = PBXFileReference; lastKnownFileType = text.plist.xml; path = Info.plist; sourceTree = "<group>"; };
		313E8A5221F30A7A00825DF7 /* MovieViewController.swift */ = {isa = PBXFileReference; lastKnownFileType = sourcecode.swift; path = MovieViewController.swift; sourceTree = "<group>"; };
		313E8A5421F3193B00825DF7 /* MovieCell.swift */ = {isa = PBXFileReference; lastKnownFileType = sourcecode.swift; path = MovieCell.swift; sourceTree = "<group>"; };
		625394E8B88FF8B361FEB899 /* Pods-Flix.debug.xcconfig */ = {isa = PBXFileReference; includeInIndex = 1; lastKnownFileType = text.xcconfig; name = "Pods-Flix.debug.xcconfig"; path = "Pods/Target Support Files/Pods-Flix/Pods-Flix.debug.xcconfig"; sourceTree = "<group>"; };
		6AD9E740E8D2A89E5E1D7B47 /* Pods-FlixTests.release.xcconfig */ = {isa = PBXFileReference; includeInIndex = 1; lastKnownFileType = text.xcconfig; name = "Pods-FlixTests.release.xcconfig"; path = "Pods/Target Support Files/Pods-FlixTests/Pods-FlixTests.release.xcconfig"; sourceTree = "<group>"; };
		A8498F4CC103B96597606D29 /* Pods-FlixUITests.debug.xcconfig */ = {isa = PBXFileReference; includeInIndex = 1; lastKnownFileType = text.xcconfig; name = "Pods-FlixUITests.debug.xcconfig"; path = "Pods/Target Support Files/Pods-FlixUITests/Pods-FlixUITests.debug.xcconfig"; sourceTree = "<group>"; };
		D6BCFB73ABFE04D45B51B693 /* Pods-FlixTests.debug.xcconfig */ = {isa = PBXFileReference; includeInIndex = 1; lastKnownFileType = text.xcconfig; name = "Pods-FlixTests.debug.xcconfig"; path = "Pods/Target Support Files/Pods-FlixTests/Pods-FlixTests.debug.xcconfig"; sourceTree = "<group>"; };
		DD5DEFD62B82384E295DDD66 /* Pods-Flix.release.xcconfig */ = {isa = PBXFileReference; includeInIndex = 1; lastKnownFileType = text.xcconfig; name = "Pods-Flix.release.xcconfig"; path = "Pods/Target Support Files/Pods-Flix/Pods-Flix.release.xcconfig"; sourceTree = "<group>"; };
		E03EB95EA7C9274D3209B391 /* Pods_FlixTests.framework */ = {isa = PBXFileReference; explicitFileType = wrapper.framework; includeInIndex = 0; path = Pods_FlixTests.framework; sourceTree = BUILT_PRODUCTS_DIR; };
		F7E13E64CEE4871836C9E621 /* Pods-FlixUITests.release.xcconfig */ = {isa = PBXFileReference; includeInIndex = 1; lastKnownFileType = text.xcconfig; name = "Pods-FlixUITests.release.xcconfig"; path = "Pods/Target Support Files/Pods-FlixUITests/Pods-FlixUITests.release.xcconfig"; sourceTree = "<group>"; };
/* End PBXFileReference section */

/* Begin PBXFrameworksBuildPhase section */
		313E8A1E21F30A5600825DF7 /* Frameworks */ = {
			isa = PBXFrameworksBuildPhase;
			buildActionMask = 2147483647;
			files = (
				29515C9BD15959F90BA07C82 /* Pods_Flix.framework in Frameworks */,
			);
			runOnlyForDeploymentPostprocessing = 0;
		};
		313E8A3221F30A5700825DF7 /* Frameworks */ = {
			isa = PBXFrameworksBuildPhase;
			buildActionMask = 2147483647;
			files = (
				DE2C037C082EBA162D0F3EC1 /* Pods_FlixTests.framework in Frameworks */,
			);
			runOnlyForDeploymentPostprocessing = 0;
		};
		313E8A3D21F30A5700825DF7 /* Frameworks */ = {
			isa = PBXFrameworksBuildPhase;
			buildActionMask = 2147483647;
			files = (
				A96BCC33489C30951B1AE6F2 /* Pods_FlixUITests.framework in Frameworks */,
			);
			runOnlyForDeploymentPostprocessing = 0;
		};
/* End PBXFrameworksBuildPhase section */

/* Begin PBXGroup section */
		313E8A1821F30A5600825DF7 = {
			isa = PBXGroup;
			children = (
				313E8A2321F30A5600825DF7 /* Flix */,
				313E8A3821F30A5700825DF7 /* FlixTests */,
				313E8A4321F30A5700825DF7 /* FlixUITests */,
				313E8A2221F30A5600825DF7 /* Products */,
				D5BACCE72E4F06BDEF548278 /* Pods */,
				6D683F1DF0B841F75789A982 /* Frameworks */,
			);
			sourceTree = "<group>";
		};
		313E8A2221F30A5600825DF7 /* Products */ = {
			isa = PBXGroup;
			children = (
				313E8A2121F30A5600825DF7 /* Flix.app */,
				313E8A3521F30A5700825DF7 /* FlixTests.xctest */,
				313E8A4021F30A5700825DF7 /* FlixUITests.xctest */,
			);
			name = Products;
			sourceTree = "<group>";
		};
		313E8A2321F30A5600825DF7 /* Flix */ = {
			isa = PBXGroup;
			children = (
				313E8A2421F30A5600825DF7 /* AppDelegate.swift */,
				313E8A2821F30A5600825DF7 /* Main.storyboard */,
				313E8A2B21F30A5700825DF7 /* Assets.xcassets */,
				313E8A2D21F30A5700825DF7 /* LaunchScreen.storyboard */,
				313E8A3021F30A5700825DF7 /* Info.plist */,
				313E8A5221F30A7A00825DF7 /* MovieViewController.swift */,
				313E8A5421F3193B00825DF7 /* MovieCell.swift */,
			);
			path = Flix;
			sourceTree = "<group>";
		};
		313E8A3821F30A5700825DF7 /* FlixTests */ = {
			isa = PBXGroup;
			children = (
				313E8A3921F30A5700825DF7 /* FlixTests.swift */,
				313E8A3B21F30A5700825DF7 /* Info.plist */,
			);
			path = FlixTests;
			sourceTree = "<group>";
		};
		313E8A4321F30A5700825DF7 /* FlixUITests */ = {
			isa = PBXGroup;
			children = (
				313E8A4421F30A5700825DF7 /* FlixUITests.swift */,
				313E8A4621F30A5700825DF7 /* Info.plist */,
			);
			path = FlixUITests;
			sourceTree = "<group>";
		};
		6D683F1DF0B841F75789A982 /* Frameworks */ = {
			isa = PBXGroup;
			children = (
				29C183F9BF36E5276D0A230B /* Pods_Flix.framework */,
				E03EB95EA7C9274D3209B391 /* Pods_FlixTests.framework */,
				15EEF4577A3835B6A00BE1E4 /* Pods_FlixUITests.framework */,
			);
			name = Frameworks;
			sourceTree = "<group>";
		};
		D5BACCE72E4F06BDEF548278 /* Pods */ = {
			isa = PBXGroup;
			children = (
				625394E8B88FF8B361FEB899 /* Pods-Flix.debug.xcconfig */,
				DD5DEFD62B82384E295DDD66 /* Pods-Flix.release.xcconfig */,
				D6BCFB73ABFE04D45B51B693 /* Pods-FlixTests.debug.xcconfig */,
				6AD9E740E8D2A89E5E1D7B47 /* Pods-FlixTests.release.xcconfig */,
				A8498F4CC103B96597606D29 /* Pods-FlixUITests.debug.xcconfig */,
				F7E13E64CEE4871836C9E621 /* Pods-FlixUITests.release.xcconfig */,
			);
			name = Pods;
			sourceTree = "<group>";
		};
/* End PBXGroup section */

/* Begin PBXNativeTarget section */
		313E8A2021F30A5600825DF7 /* Flix */ = {
			isa = PBXNativeTarget;
			buildConfigurationList = 313E8A4921F30A5700825DF7 /* Build configuration list for PBXNativeTarget "Flix" */;
			buildPhases = (
				F408299074C3B57293EB5E95 /* [CP] Check Pods Manifest.lock */,
				313E8A1D21F30A5600825DF7 /* Sources */,
				313E8A1E21F30A5600825DF7 /* Frameworks */,
				313E8A1F21F30A5600825DF7 /* Resources */,
				4CD558D60BD588F6046BAAAE /* [CP] Embed Pods Frameworks */,
			);
			buildRules = (
			);
			dependencies = (
			);
			name = Flix;
			productName = Flix;
			productReference = 313E8A2121F30A5600825DF7 /* Flix.app */;
			productType = "com.apple.product-type.application";
		};
		313E8A3421F30A5700825DF7 /* FlixTests */ = {
			isa = PBXNativeTarget;
			buildConfigurationList = 313E8A4C21F30A5700825DF7 /* Build configuration list for PBXNativeTarget "FlixTests" */;
			buildPhases = (
				42C7513A2BE31339A873D374 /* [CP] Check Pods Manifest.lock */,
				313E8A3121F30A5700825DF7 /* Sources */,
				313E8A3221F30A5700825DF7 /* Frameworks */,
				313E8A3321F30A5700825DF7 /* Resources */,
			);
			buildRules = (
			);
			dependencies = (
				313E8A3721F30A5700825DF7 /* PBXTargetDependency */,
			);
			name = FlixTests;
			productName = FlixTests;
			productReference = 313E8A3521F30A5700825DF7 /* FlixTests.xctest */;
			productType = "com.apple.product-type.bundle.unit-test";
		};
		313E8A3F21F30A5700825DF7 /* FlixUITests */ = {
			isa = PBXNativeTarget;
			buildConfigurationList = 313E8A4F21F30A5700825DF7 /* Build configuration list for PBXNativeTarget "FlixUITests" */;
			buildPhases = (
				4ABABEBF467F6546237EA4C8 /* [CP] Check Pods Manifest.lock */,
				313E8A3C21F30A5700825DF7 /* Sources */,
				313E8A3D21F30A5700825DF7 /* Frameworks */,
				313E8A3E21F30A5700825DF7 /* Resources */,
			);
			buildRules = (
			);
			dependencies = (
				313E8A4221F30A5700825DF7 /* PBXTargetDependency */,
			);
			name = FlixUITests;
			productName = FlixUITests;
			productReference = 313E8A4021F30A5700825DF7 /* FlixUITests.xctest */;
			productType = "com.apple.product-type.bundle.ui-testing";
		};
/* End PBXNativeTarget section */

/* Begin PBXProject section */
		313E8A1921F30A5600825DF7 /* Project object */ = {
			isa = PBXProject;
			attributes = {
				LastSwiftUpdateCheck = 1010;
				LastUpgradeCheck = 1010;
				ORGANIZATIONNAME = JoshTav;
				TargetAttributes = {
					313E8A2021F30A5600825DF7 = {
						CreatedOnToolsVersion = 10.1;
					};
					313E8A3421F30A5700825DF7 = {
						CreatedOnToolsVersion = 10.1;
						TestTargetID = 313E8A2021F30A5600825DF7;
					};
					313E8A3F21F30A5700825DF7 = {
						CreatedOnToolsVersion = 10.1;
						TestTargetID = 313E8A2021F30A5600825DF7;
					};
				};
			};
			buildConfigurationList = 313E8A1C21F30A5600825DF7 /* Build configuration list for PBXProject "Flix" */;
			compatibilityVersion = "Xcode 9.3";
			developmentRegion = en;
			hasScannedForEncodings = 0;
			knownRegions = (
				en,
				Base,
			);
			mainGroup = 313E8A1821F30A5600825DF7;
			productRefGroup = 313E8A2221F30A5600825DF7 /* Products */;
			projectDirPath = "";
			projectRoot = "";
			targets = (
				313E8A2021F30A5600825DF7 /* Flix */,
				313E8A3421F30A5700825DF7 /* FlixTests */,
				313E8A3F21F30A5700825DF7 /* FlixUITests */,
			);
		};
/* End PBXProject section */

/* Begin PBXResourcesBuildPhase section */
		313E8A1F21F30A5600825DF7 /* Resources */ = {
			isa = PBXResourcesBuildPhase;
			buildActionMask = 2147483647;
			files = (
				313E8A2F21F30A5700825DF7 /* LaunchScreen.storyboard in Resources */,
				313E8A2C21F30A5700825DF7 /* Assets.xcassets in Resources */,
				313E8A2A21F30A5600825DF7 /* Main.storyboard in Resources */,
			);
			runOnlyForDeploymentPostprocessing = 0;
		};
		313E8A3321F30A5700825DF7 /* Resources */ = {
			isa = PBXResourcesBuildPhase;
			buildActionMask = 2147483647;
			files = (
			);
			runOnlyForDeploymentPostprocessing = 0;
		};
		313E8A3E21F30A5700825DF7 /* Resources */ = {
			isa = PBXResourcesBuildPhase;
			buildActionMask = 2147483647;
			files = (
			);
			runOnlyForDeploymentPostprocessing = 0;
		};
/* End PBXResourcesBuildPhase section */

/* Begin PBXShellScriptBuildPhase section */
		42C7513A2BE31339A873D374 /* [CP] Check Pods Manifest.lock */ = {
			isa = PBXShellScriptBuildPhase;
			buildActionMask = 2147483647;
			files = (
			);
			inputFileListPaths = (
			);
			inputPaths = (
				"${PODS_PODFILE_DIR_PATH}/Podfile.lock",
				"${PODS_ROOT}/Manifest.lock",
			);
			name = "[CP] Check Pods Manifest.lock";
			outputFileListPaths = (
			);
			outputPaths = (
				"$(DERIVED_FILE_DIR)/Pods-FlixTests-checkManifestLockResult.txt",
			);
			runOnlyForDeploymentPostprocessing = 0;
			shellPath = /bin/sh;
			shellScript = "diff \"${PODS_PODFILE_DIR_PATH}/Podfile.lock\" \"${PODS_ROOT}/Manifest.lock\" > /dev/null\nif [ $? != 0 ] ; then\n    # print error to STDERR\n    echo \"error: The sandbox is not in sync with the Podfile.lock. Run 'pod install' or update your CocoaPods installation.\" >&2\n    exit 1\nfi\n# This output is used by Xcode 'outputs' to avoid re-running this script phase.\necho \"SUCCESS\" > \"${SCRIPT_OUTPUT_FILE_0}\"\n";
			showEnvVarsInLog = 0;
		};
		4ABABEBF467F6546237EA4C8 /* [CP] Check Pods Manifest.lock */ = {
			isa = PBXShellScriptBuildPhase;
			buildActionMask = 2147483647;
			files = (
			);
			inputFileListPaths = (
			);
			inputPaths = (
				"${PODS_PODFILE_DIR_PATH}/Podfile.lock",
				"${PODS_ROOT}/Manifest.lock",
			);
			name = "[CP] Check Pods Manifest.lock";
			outputFileListPaths = (
			);
			outputPaths = (
				"$(DERIVED_FILE_DIR)/Pods-FlixUITests-checkManifestLockResult.txt",
			);
			runOnlyForDeploymentPostprocessing = 0;
			shellPath = /bin/sh;
			shellScript = "diff \"${PODS_PODFILE_DIR_PATH}/Podfile.lock\" \"${PODS_ROOT}/Manifest.lock\" > /dev/null\nif [ $? != 0 ] ; then\n    # print error to STDERR\n    echo \"error: The sandbox is not in sync with the Podfile.lock. Run 'pod install' or update your CocoaPods installation.\" >&2\n    exit 1\nfi\n# This output is used by Xcode 'outputs' to avoid re-running this script phase.\necho \"SUCCESS\" > \"${SCRIPT_OUTPUT_FILE_0}\"\n";
			showEnvVarsInLog = 0;
		};
		4CD558D60BD588F6046BAAAE /* [CP] Embed Pods Frameworks */ = {
			isa = PBXShellScriptBuildPhase;
			buildActionMask = 2147483647;
			files = (
			);
			inputFileListPaths = (
			);
			inputPaths = (
				"${SRCROOT}/Pods/Target Support Files/Pods-Flix/Pods-Flix-frameworks.sh",
				"${BUILT_PRODUCTS_DIR}/Alamofire/Alamofire.framework",
				"${BUILT_PRODUCTS_DIR}/AlamofireImage/AlamofireImage.framework",
			);
			name = "[CP] Embed Pods Frameworks";
			outputFileListPaths = (
			);
			outputPaths = (
				"${TARGET_BUILD_DIR}/${FRAMEWORKS_FOLDER_PATH}/Alamofire.framework",
				"${TARGET_BUILD_DIR}/${FRAMEWORKS_FOLDER_PATH}/AlamofireImage.framework",
			);
			runOnlyForDeploymentPostprocessing = 0;
			shellPath = /bin/sh;
			shellScript = "\"${SRCROOT}/Pods/Target Support Files/Pods-Flix/Pods-Flix-frameworks.sh\"\n";
			showEnvVarsInLog = 0;
		};
		F408299074C3B57293EB5E95 /* [CP] Check Pods Manifest.lock */ = {
			isa = PBXShellScriptBuildPhase;
			buildActionMask = 2147483647;
			files = (
			);
			inputFileListPaths = (
			);
			inputPaths = (
				"${PODS_PODFILE_DIR_PATH}/Podfile.lock",
				"${PODS_ROOT}/Manifest.lock",
			);
			name = "[CP] Check Pods Manifest.lock";
			outputFileListPaths = (
			);
			outputPaths = (
				"$(DERIVED_FILE_DIR)/Pods-Flix-checkManifestLockResult.txt",
			);
			runOnlyForDeploymentPostprocessing = 0;
			shellPath = /bin/sh;
			shellScript = "diff \"${PODS_PODFILE_DIR_PATH}/Podfile.lock\" \"${PODS_ROOT}/Manifest.lock\" > /dev/null\nif [ $? != 0 ] ; then\n    # print error to STDERR\n    echo \"error: The sandbox is not in sync with the Podfile.lock. Run 'pod install' or update your CocoaPods installation.\" >&2\n    exit 1\nfi\n# This output is used by Xcode 'outputs' to avoid re-running this script phase.\necho \"SUCCESS\" > \"${SCRIPT_OUTPUT_FILE_0}\"\n";
			showEnvVarsInLog = 0;
		};
/* End PBXShellScriptBuildPhase section */

/* Begin PBXSourcesBuildPhase section */
		313E8A1D21F30A5600825DF7 /* Sources */ = {
			isa = PBXSourcesBuildPhase;
			buildActionMask = 2147483647;
			files = (
				313E8A2521F30A5600825DF7 /* AppDelegate.swift in Sources */,
				313E8A5521F3193B00825DF7 /* MovieCell.swift in Sources */,
				313E8A5321F30A7A00825DF7 /* MovieViewController.swift in Sources */,
			);
			runOnlyForDeploymentPostprocessing = 0;
		};
		313E8A3121F30A5700825DF7 /* Sources */ = {
			isa = PBXSourcesBuildPhase;
			buildActionMask = 2147483647;
			files = (
				313E8A3A21F30A5700825DF7 /* FlixTests.swift in Sources */,
			);
			runOnlyForDeploymentPostprocessing = 0;
		};
		313E8A3C21F30A5700825DF7 /* Sources */ = {
			isa = PBXSourcesBuildPhase;
			buildActionMask = 2147483647;
			files = (
				313E8A4521F30A5700825DF7 /* FlixUITests.swift in Sources */,
			);
			runOnlyForDeploymentPostprocessing = 0;
		};
/* End PBXSourcesBuildPhase section */

/* Begin PBXTargetDependency section */
		313E8A3721F30A5700825DF7 /* PBXTargetDependency */ = {
			isa = PBXTargetDependency;
			target = 313E8A2021F30A5600825DF7 /* Flix */;
			targetProxy = 313E8A3621F30A5700825DF7 /* PBXContainerItemProxy */;
		};
		313E8A4221F30A5700825DF7 /* PBXTargetDependency */ = {
			isa = PBXTargetDependency;
			target = 313E8A2021F30A5600825DF7 /* Flix */;
			targetProxy = 313E8A4121F30A5700825DF7 /* PBXContainerItemProxy */;
		};
/* End PBXTargetDependency section */

/* Begin PBXVariantGroup section */
		313E8A2821F30A5600825DF7 /* Main.storyboard */ = {
			isa = PBXVariantGroup;
			children = (
				313E8A2921F30A5600825DF7 /* Base */,
			);
			name = Main.storyboard;
			sourceTree = "<group>";
		};
		313E8A2D21F30A5700825DF7 /* LaunchScreen.storyboard */ = {
			isa = PBXVariantGroup;
			children = (
				313E8A2E21F30A5700825DF7 /* Base */,
			);
			name = LaunchScreen.storyboard;
			sourceTree = "<group>";
		};
/* End PBXVariantGroup section */

/* Begin XCBuildConfiguration section */
		313E8A4721F30A5700825DF7 /* Debug */ = {
			isa = XCBuildConfiguration;
			buildSettings = {
				ALWAYS_SEARCH_USER_PATHS = NO;
				CLANG_ANALYZER_NONNULL = YES;
				CLANG_ANALYZER_NUMBER_OBJECT_CONVERSION = YES_AGGRESSIVE;
				CLANG_CXX_LANGUAGE_STANDARD = "gnu++14";
				CLANG_CXX_LIBRARY = "libc++";
				CLANG_ENABLE_MODULES = YES;
				CLANG_ENABLE_OBJC_ARC = YES;
				CLANG_ENABLE_OBJC_WEAK = YES;
				CLANG_WARN_BLOCK_CAPTURE_AUTORELEASING = YES;
				CLANG_WARN_BOOL_CONVERSION = YES;
				CLANG_WARN_COMMA = YES;
				CLANG_WARN_CONSTANT_CONVERSION = YES;
				CLANG_WARN_DEPRECATED_OBJC_IMPLEMENTATIONS = YES;
				CLANG_WARN_DIRECT_OBJC_ISA_USAGE = YES_ERROR;
				CLANG_WARN_DOCUMENTATION_COMMENTS = YES;
				CLANG_WARN_EMPTY_BODY = YES;
				CLANG_WARN_ENUM_CONVERSION = YES;
				CLANG_WARN_INFINITE_RECURSION = YES;
				CLANG_WARN_INT_CONVERSION = YES;
				CLANG_WARN_NON_LITERAL_NULL_CONVERSION = YES;
				CLANG_WARN_OBJC_IMPLICIT_RETAIN_SELF = YES;
				CLANG_WARN_OBJC_LITERAL_CONVERSION = YES;
				CLANG_WARN_OBJC_ROOT_CLASS = YES_ERROR;
				CLANG_WARN_RANGE_LOOP_ANALYSIS = YES;
				CLANG_WARN_STRICT_PROTOTYPES = YES;
				CLANG_WARN_SUSPICIOUS_MOVE = YES;
				CLANG_WARN_UNGUARDED_AVAILABILITY = YES_AGGRESSIVE;
				CLANG_WARN_UNREACHABLE_CODE = YES;
				CLANG_WARN__DUPLICATE_METHOD_MATCH = YES;
				CODE_SIGN_IDENTITY = "iPhone Developer";
				COPY_PHASE_STRIP = NO;
				DEBUG_INFORMATION_FORMAT = dwarf;
				ENABLE_STRICT_OBJC_MSGSEND = YES;
				ENABLE_TESTABILITY = YES;
				GCC_C_LANGUAGE_STANDARD = gnu11;
				GCC_DYNAMIC_NO_PIC = NO;
				GCC_NO_COMMON_BLOCKS = YES;
				GCC_OPTIMIZATION_LEVEL = 0;
				GCC_PREPROCESSOR_DEFINITIONS = (
					"DEBUG=1",
					"$(inherited)",
				);
				GCC_WARN_64_TO_32_BIT_CONVERSION = YES;
				GCC_WARN_ABOUT_RETURN_TYPE = YES_ERROR;
				GCC_WARN_UNDECLARED_SELECTOR = YES;
				GCC_WARN_UNINITIALIZED_AUTOS = YES_AGGRESSIVE;
				GCC_WARN_UNUSED_FUNCTION = YES;
				GCC_WARN_UNUSED_VARIABLE = YES;
				IPHONEOS_DEPLOYMENT_TARGET = 12.1;
				MTL_ENABLE_DEBUG_INFO = INCLUDE_SOURCE;
				MTL_FAST_MATH = YES;
				ONLY_ACTIVE_ARCH = YES;
				SDKROOT = iphoneos;
				SWIFT_ACTIVE_COMPILATION_CONDITIONS = DEBUG;
				SWIFT_OPTIMIZATION_LEVEL = "-Onone";
			};
			name = Debug;
		};
		313E8A4821F30A5700825DF7 /* Release */ = {
			isa = XCBuildConfiguration;
			buildSettings = {
				ALWAYS_SEARCH_USER_PATHS = NO;
				CLANG_ANALYZER_NONNULL = YES;
				CLANG_ANALYZER_NUMBER_OBJECT_CONVERSION = YES_AGGRESSIVE;
				CLANG_CXX_LANGUAGE_STANDARD = "gnu++14";
				CLANG_CXX_LIBRARY = "libc++";
				CLANG_ENABLE_MODULES = YES;
				CLANG_ENABLE_OBJC_ARC = YES;
				CLANG_ENABLE_OBJC_WEAK = YES;
				CLANG_WARN_BLOCK_CAPTURE_AUTORELEASING = YES;
				CLANG_WARN_BOOL_CONVERSION = YES;
				CLANG_WARN_COMMA = YES;
				CLANG_WARN_CONSTANT_CONVERSION = YES;
				CLANG_WARN_DEPRECATED_OBJC_IMPLEMENTATIONS = YES;
				CLANG_WARN_DIRECT_OBJC_ISA_USAGE = YES_ERROR;
				CLANG_WARN_DOCUMENTATION_COMMENTS = YES;
				CLANG_WARN_EMPTY_BODY = YES;
				CLANG_WARN_ENUM_CONVERSION = YES;
				CLANG_WARN_INFINITE_RECURSION = YES;
				CLANG_WARN_INT_CONVERSION = YES;
				CLANG_WARN_NON_LITERAL_NULL_CONVERSION = YES;
				CLANG_WARN_OBJC_IMPLICIT_RETAIN_SELF = YES;
				CLANG_WARN_OBJC_LITERAL_CONVERSION = YES;
				CLANG_WARN_OBJC_ROOT_CLASS = YES_ERROR;
				CLANG_WARN_RANGE_LOOP_ANALYSIS = YES;
				CLANG_WARN_STRICT_PROTOTYPES = YES;
				CLANG_WARN_SUSPICIOUS_MOVE = YES;
				CLANG_WARN_UNGUARDED_AVAILABILITY = YES_AGGRESSIVE;
				CLANG_WARN_UNREACHABLE_CODE = YES;
				CLANG_WARN__DUPLICATE_METHOD_MATCH = YES;
				CODE_SIGN_IDENTITY = "iPhone Developer";
				COPY_PHASE_STRIP = NO;
				DEBUG_INFORMATION_FORMAT = "dwarf-with-dsym";
				ENABLE_NS_ASSERTIONS = NO;
				ENABLE_STRICT_OBJC_MSGSEND = YES;
				GCC_C_LANGUAGE_STANDARD = gnu11;
				GCC_NO_COMMON_BLOCKS = YES;
				GCC_WARN_64_TO_32_BIT_CONVERSION = YES;
				GCC_WARN_ABOUT_RETURN_TYPE = YES_ERROR;
				GCC_WARN_UNDECLARED_SELECTOR = YES;
				GCC_WARN_UNINITIALIZED_AUTOS = YES_AGGRESSIVE;
				GCC_WARN_UNUSED_FUNCTION = YES;
				GCC_WARN_UNUSED_VARIABLE = YES;
				IPHONEOS_DEPLOYMENT_TARGET = 12.1;
				MTL_ENABLE_DEBUG_INFO = NO;
				MTL_FAST_MATH = YES;
				SDKROOT = iphoneos;
				SWIFT_COMPILATION_MODE = wholemodule;
				SWIFT_OPTIMIZATION_LEVEL = "-O";
				VALIDATE_PRODUCT = YES;
			};
			name = Release;
		};
		313E8A4A21F30A5700825DF7 /* Debug */ = {
			isa = XCBuildConfiguration;
			baseConfigurationReference = 625394E8B88FF8B361FEB899 /* Pods-Flix.debug.xcconfig */;
			buildSettings = {
				ASSETCATALOG_COMPILER_APPICON_NAME = AppIcon;
				CODE_SIGN_IDENTITY = "iPhone Developer";
				CODE_SIGN_STYLE = Automatic;
				DEVELOPMENT_TEAM = 6PAB7PJP8Z;
				INFOPLIST_FILE = Flix/Info.plist;
				LD_RUNPATH_SEARCH_PATHS = (
					"$(inherited)",
					"@executable_path/Frameworks",
				);
				PRODUCT_BUNDLE_IDENTIFIER = com.codepath.jtavassoFlix;
				PRODUCT_NAME = "$(TARGET_NAME)";
				PROVISIONING_PROFILE_SPECIFIER = "";
				SWIFT_VERSION = 4.2;
				TARGETED_DEVICE_FAMILY = "1,2";
			};
			name = Debug;
		};
		313E8A4B21F30A5700825DF7 /* Release */ = {
			isa = XCBuildConfiguration;
			baseConfigurationReference = DD5DEFD62B82384E295DDD66 /* Pods-Flix.release.xcconfig */;
			buildSettings = {
				ASSETCATALOG_COMPILER_APPICON_NAME = AppIcon;
				CODE_SIGN_IDENTITY = "iPhone Developer";
				CODE_SIGN_STYLE = Automatic;
				DEVELOPMENT_TEAM = 6PAB7PJP8Z;
				INFOPLIST_FILE = Flix/Info.plist;
				LD_RUNPATH_SEARCH_PATHS = (
					"$(inherited)",
					"@executable_path/Frameworks",
				);
				PRODUCT_BUNDLE_IDENTIFIER = com.codepath.jtavassoFlix;
				PRODUCT_NAME = "$(TARGET_NAME)";
				PROVISIONING_PROFILE_SPECIFIER = "";
				SWIFT_VERSION = 4.2;
				TARGETED_DEVICE_FAMILY = "1,2";
			};
			name = Release;
		};
		313E8A4D21F30A5700825DF7 /* Debug */ = {
			isa = XCBuildConfiguration;
			baseConfigurationReference = D6BCFB73ABFE04D45B51B693 /* Pods-FlixTests.debug.xcconfig */;
			buildSettings = {
				ALWAYS_EMBED_SWIFT_STANDARD_LIBRARIES = YES;
				BUNDLE_LOADER = "$(TEST_HOST)";
				CODE_SIGN_STYLE = Automatic;
				DEVELOPMENT_TEAM = 6PAB7PJP8Z;
				INFOPLIST_FILE = FlixTests/Info.plist;
				LD_RUNPATH_SEARCH_PATHS = (
					"$(inherited)",
					"@executable_path/Frameworks",
					"@loader_path/Frameworks",
				);
				PRODUCT_BUNDLE_IDENTIFIER = com.codepath.FlixTests;
				PRODUCT_NAME = "$(TARGET_NAME)";
				SWIFT_VERSION = 4.2;
				TARGETED_DEVICE_FAMILY = "1,2";
				TEST_HOST = "$(BUILT_PRODUCTS_DIR)/Flix.app/Flix";
			};
			name = Debug;
		};
		313E8A4E21F30A5700825DF7 /* Release */ = {
			isa = XCBuildConfiguration;
			baseConfigurationReference = 6AD9E740E8D2A89E5E1D7B47 /* Pods-FlixTests.release.xcconfig */;
			buildSettings = {
				ALWAYS_EMBED_SWIFT_STANDARD_LIBRARIES = YES;
				BUNDLE_LOADER = "$(TEST_HOST)";
				CODE_SIGN_STYLE = Automatic;
				DEVELOPMENT_TEAM = 6PAB7PJP8Z;
				INFOPLIST_FILE = FlixTests/Info.plist;
				LD_RUNPATH_SEARCH_PATHS = (
					"$(inherited)",
					"@executable_path/Frameworks",
					"@loader_path/Frameworks",
				);
				PRODUCT_BUNDLE_IDENTIFIER = com.codepath.FlixTests;
				PRODUCT_NAME = "$(TARGET_NAME)";
				SWIFT_VERSION = 4.2;
				TARGETED_DEVICE_FAMILY = "1,2";
				TEST_HOST = "$(BUILT_PRODUCTS_DIR)/Flix.app/Flix";
			};
			name = Release;
		};
		313E8A5021F30A5700825DF7 /* Debug */ = {
			isa = XCBuildConfiguration;
			baseConfigurationReference = A8498F4CC103B96597606D29 /* Pods-FlixUITests.debug.xcconfig */;
			buildSettings = {
				ALWAYS_EMBED_SWIFT_STANDARD_LIBRARIES = YES;
				CODE_SIGN_STYLE = Automatic;
				DEVELOPMENT_TEAM = 6PAB7PJP8Z;
				INFOPLIST_FILE = FlixUITests/Info.plist;
				LD_RUNPATH_SEARCH_PATHS = (
					"$(inherited)",
					"@executable_path/Frameworks",
					"@loader_path/Frameworks",
				);
				PRODUCT_BUNDLE_IDENTIFIER = com.codepath.FlixUITests;
				PRODUCT_NAME = "$(TARGET_NAME)";
				SWIFT_VERSION = 4.2;
				TARGETED_DEVICE_FAMILY = "1,2";
				TEST_TARGET_NAME = Flix;
			};
			name = Debug;
		};
		313E8A5121F30A5700825DF7 /* Release */ = {
			isa = XCBuildConfiguration;
			baseConfigurationReference = F7E13E64CEE4871836C9E621 /* Pods-FlixUITests.release.xcconfig */;
			buildSettings = {
				ALWAYS_EMBED_SWIFT_STANDARD_LIBRARIES = YES;
				CODE_SIGN_STYLE = Automatic;
				DEVELOPMENT_TEAM = 6PAB7PJP8Z;
				INFOPLIST_FILE = FlixUITests/Info.plist;
				LD_RUNPATH_SEARCH_PATHS = (
					"$(inherited)",
					"@executable_path/Frameworks",
					"@loader_path/Frameworks",
				);
				PRODUCT_BUNDLE_IDENTIFIER = com.codepath.FlixUITests;
				PRODUCT_NAME = "$(TARGET_NAME)";
				SWIFT_VERSION = 4.2;
				TARGETED_DEVICE_FAMILY = "1,2";
				TEST_TARGET_NAME = Flix;
			};
			name = Release;
		};
/* End XCBuildConfiguration section */

/* Begin XCConfigurationList section */
		313E8A1C21F30A5600825DF7 /* Build configuration list for PBXProject "Flix" */ = {
			isa = XCConfigurationList;
			buildConfigurations = (
				313E8A4721F30A5700825DF7 /* Debug */,
				313E8A4821F30A5700825DF7 /* Release */,
			);
			defaultConfigurationIsVisible = 0;
			defaultConfigurationName = Release;
		};
		313E8A4921F30A5700825DF7 /* Build configuration list for PBXNativeTarget "Flix" */ = {
			isa = XCConfigurationList;
			buildConfigurations = (
				313E8A4A21F30A5700825DF7 /* Debug */,
				313E8A4B21F30A5700825DF7 /* Release */,
			);
			defaultConfigurationIsVisible = 0;
			defaultConfigurationName = Release;
		};
		313E8A4C21F30A5700825DF7 /* Build configuration list for PBXNativeTarget "FlixTests" */ = {
			isa = XCConfigurationList;
			buildConfigurations = (
				313E8A4D21F30A5700825DF7 /* Debug */,
				313E8A4E21F30A5700825DF7 /* Release */,
			);
			defaultConfigurationIsVisible = 0;
			defaultConfigurationName = Release;
		};
		313E8A4F21F30A5700825DF7 /* Build configuration list for PBXNativeTarget "FlixUITests" */ = {
			isa = XCConfigurationList;
			buildConfigurations = (
				313E8A5021F30A5700825DF7 /* Debug */,
				313E8A5121F30A5700825DF7 /* Release */,
			);
			defaultConfigurationIsVisible = 0;
			defaultConfigurationName = Release;
		};
/* End XCConfigurationList section */
	};
	rootObject = 313E8A1921F30A5600825DF7 /* Project object */;
}
